
Microsoft Visual Studio Solution File, Format Version 12.00
# Visual Studio Version 16
VisualStudioVersion = 16.0.30907.101
MinimumVisualStudioVersion = 10.0.40219.1
Project("{2150E333-8FDC-42A3-9474-1A3956D46DE8}") = "Modules", "Modules", "{70FB7EDF-2E12-405F-B9CD-8A437E96FB11}"
EndProject
Project("{FAE04EC0-301F-11D3-BF4B-00C04F79EFBC}") = "DotNetNuke.Media", "Modules\Media\DotNetNuke.Media.csproj", "{176CE33F-FF0C-451A-8A38-1DE475B00A78}"
EndProject
Project("{2150E333-8FDC-42A3-9474-1A3956D46DE8}") = "Build Files", "Build Files", "{F84D698C-3163-472D-95E9-EC36712D597B}"
	ProjectSection(SolutionItems) = preProject
		Build\ModulePackage.targets = Build\ModulePackage.targets
		Build\ModulePackageSource.targets = Build\ModulePackageSource.targets
	EndProjectSection
EndProject
Project("{2150E333-8FDC-42A3-9474-1A3956D46DE8}") = "Configuration Files", "Configuration Files", "{B51AA4AF-EE33-49E1-B621-DF1BCD22A28C}"
	ProjectSection(SolutionItems) = preProject
		.gitignore = .gitignore
		README.md = README.md
	EndProjectSection
EndProject
Project("{2150E333-8FDC-42A3-9474-1A3956D46DE8}") = "Documentation", "Documentation", "{2BAD762B-EBA6-428C-917E-ACE66A81D636}"
EndProject
Project("{FAE04EC0-301F-11D3-BF4B-00C04F79EFBC}") = "Documentation", "docs\Documentation.csproj", "{C0FE7749-95E5-489A-945A-1FCA6218FC6B}"
EndProject
Global
	GlobalSection(SolutionConfigurationPlatforms) = preSolution
		Debug|Any CPU = Debug|Any CPU
		Release|Any CPU = Release|Any CPU
	EndGlobalSection
	GlobalSection(ProjectConfigurationPlatforms) = postSolution
		{176CE33F-FF0C-451A-8A38-1DE475B00A78}.Debug|Any CPU.ActiveCfg = Debug|Any CPU
		{176CE33F-FF0C-451A-8A38-1DE475B00A78}.Debug|Any CPU.Build.0 = Debug|Any CPU
		{176CE33F-FF0C-451A-8A38-1DE475B00A78}.Release|Any CPU.ActiveCfg = Release|Any CPU
		{176CE33F-FF0C-451A-8A38-1DE475B00A78}.Release|Any CPU.Build.0 = Release|Any CPU
		{C0FE7749-95E5-489A-945A-1FCA6218FC6B}.Debug|Any CPU.ActiveCfg = Debug|Any CPU
		{C0FE7749-95E5-489A-945A-1FCA6218FC6B}.Release|Any CPU.ActiveCfg = Release|Any CPU
	EndGlobalSection
	GlobalSection(SolutionProperties) = preSolution
		HideSolutionNode = FALSE
	EndGlobalSection
	GlobalSection(NestedProjects) = preSolution
		{176CE33F-FF0C-451A-8A38-1DE475B00A78} = {70FB7EDF-2E12-405F-B9CD-8A437E96FB11}
		{C0FE7749-95E5-489A-945A-1FCA6218FC6B} = {2BAD762B-EBA6-428C-917E-ACE66A81D636}
	EndGlobalSection
	GlobalSection(ExtensibilityGlobals) = postSolution
		SolutionGuid = {10D78DA3-4EC3-4EC8-9412-54FBAF7C8CC9}
	EndGlobalSection
EndGlobal
